
Microsoft Visual Studio Solution File, Format Version 12.00
# Visual Studio Version 17
VisualStudioVersion = 17.0.31903.59
MinimumVisualStudioVersion = 10.0.40219.1
Project("{FAE04EC0-301F-11D3-BF4B-00C04F79EFBC}") = "ManagerUI", "ManagerUI\ManagerUI.csproj", "{B5823209-9336-4F5C-A15F-0D69739B676E}"
EndProject
Project("{FAE04EC0-301F-11D3-BF4B-00C04F79EFBC}") = "ManagerTests", "ManagerTests\ManagerTests.csproj", "{27D796BA-B871-4475-915E-E8B7A91D13AD}"
EndProject
Project("{FAE04EC0-301F-11D3-BF4B-00C04F79EFBC}") = "ManagerAPI", "ManagerAPI\ManagerAPI.csproj", "{7AFE3DDB-5F7F-47F2-8534-4C78E7A7F03C}"
EndProject
Global
	GlobalSection(SolutionConfigurationPlatforms) = preSolution
		Debug|Any CPU = Debug|Any CPU
		Debug|ARM64 = Debug|ARM64
		Debug|x64 = Debug|x64
		Debug|x86 = Debug|x86
		Release|Any CPU = Release|Any CPU
		Release|ARM64 = Release|ARM64
		Release|x64 = Release|x64
		Release|x86 = Release|x86
	EndGlobalSection
	GlobalSection(ProjectConfigurationPlatforms) = postSolution
		{B5823209-9336-4F5C-A15F-0D69739B676E}.Debug|Any CPU.ActiveCfg = Debug|x64
		{B5823209-9336-4F5C-A15F-0D69739B676E}.Debug|Any CPU.Build.0 = Debug|x64
		{B5823209-9336-4F5C-A15F-0D69739B676E}.Debug|Any CPU.Deploy.0 = Debug|x64
		{B5823209-9336-4F5C-A15F-0D69739B676E}.Debug|ARM64.ActiveCfg = Debug|ARM64
		{B5823209-9336-4F5C-A15F-0D69739B676E}.Debug|ARM64.Build.0 = Debug|ARM64
		{B5823209-9336-4F5C-A15F-0D69739B676E}.Debug|ARM64.Deploy.0 = Debug|ARM64
		{B5823209-9336-4F5C-A15F-0D69739B676E}.Debug|x64.ActiveCfg = Debug|x64
		{B5823209-9336-4F5C-A15F-0D69739B676E}.Debug|x64.Build.0 = Debug|x64
		{B5823209-9336-4F5C-A15F-0D69739B676E}.Debug|x64.Deploy.0 = Debug|x64
		{B5823209-9336-4F5C-A15F-0D69739B676E}.Debug|x86.ActiveCfg = Debug|x86
		{B5823209-9336-4F5C-A15F-0D69739B676E}.Debug|x86.Build.0 = Debug|x86
		{B5823209-9336-4F5C-A15F-0D69739B676E}.Debug|x86.Deploy.0 = Debug|x86
		{B5823209-9336-4F5C-A15F-0D69739B676E}.Release|Any CPU.ActiveCfg = Release|x64
		{B5823209-9336-4F5C-A15F-0D69739B676E}.Release|Any CPU.Build.0 = Release|x64
		{B5823209-9336-4F5C-A15F-0D69739B676E}.Release|Any CPU.Deploy.0 = Release|x64
		{B5823209-9336-4F5C-A15F-0D69739B676E}.Release|ARM64.ActiveCfg = Release|ARM64
		{B5823209-9336-4F5C-A15F-0D69739B676E}.Release|ARM64.Build.0 = Release|ARM64
		{B5823209-9336-4F5C-A15F-0D69739B676E}.Release|ARM64.Deploy.0 = Release|ARM64
		{B5823209-9336-4F5C-A15F-0D69739B676E}.Release|x64.ActiveCfg = Release|x64
		{B5823209-9336-4F5C-A15F-0D69739B676E}.Release|x64.Build.0 = Release|x64
		{B5823209-9336-4F5C-A15F-0D69739B676E}.Release|x64.Deploy.0 = Release|x64
		{B5823209-9336-4F5C-A15F-0D69739B676E}.Release|x86.ActiveCfg = Release|x86
		{B5823209-9336-4F5C-A15F-0D69739B676E}.Release|x86.Build.0 = Release|x86
		{B5823209-9336-4F5C-A15F-0D69739B676E}.Release|x86.Deploy.0 = Release|x86
		{27D796BA-B871-4475-915E-E8B7A91D13AD}.Debug|Any CPU.ActiveCfg = Debug|Any CPU
		{27D796BA-B871-4475-915E-E8B7A91D13AD}.Debug|Any CPU.Build.0 = Debug|Any CPU
		{27D796BA-B871-4475-915E-E8B7A91D13AD}.Debug|ARM64.ActiveCfg = Debug|Any CPU
		{27D796BA-B871-4475-915E-E8B7A91D13AD}.Debug|ARM64.Build.0 = Debug|Any CPU
		{27D796BA-B871-4475-915E-E8B7A91D13AD}.Debug|x64.ActiveCfg = Debug|Any CPU
		{27D796BA-B871-4475-915E-E8B7A91D13AD}.Debug|x64.Build.0 = Debug|Any CPU
		{27D796BA-B871-4475-915E-E8B7A91D13AD}.Debug|x86.ActiveCfg = Debug|Any CPU
		{27D796BA-B871-4475-915E-E8B7A91D13AD}.Debug|x86.Build.0 = Debug|Any CPU
		{27D796BA-B871-4475-915E-E8B7A91D13AD}.Release|Any CPU.ActiveCfg = Release|Any CPU
		{27D796BA-B871-4475-915E-E8B7A91D13AD}.Release|Any CPU.Build.0 = Release|Any CPU
		{27D796BA-B871-4475-915E-E8B7A91D13AD}.Release|ARM64.ActiveCfg = Release|Any CPU
		{27D796BA-B871-4475-915E-E8B7A91D13AD}.Release|ARM64.Build.0 = Release|Any CPU
		{27D796BA-B871-4475-915E-E8B7A91D13AD}.Release|x64.ActiveCfg = Release|Any CPU
		{27D796BA-B871-4475-915E-E8B7A91D13AD}.Release|x64.Build.0 = Release|Any CPU
		{27D796BA-B871-4475-915E-E8B7A91D13AD}.Release|x86.ActiveCfg = Release|Any CPU
		{27D796BA-B871-4475-915E-E8B7A91D13AD}.Release|x86.Build.0 = Release|Any CPU
		{7AFE3DDB-5F7F-47F2-8534-4C78E7A7F03C}.Debug|Any CPU.ActiveCfg = Debug|Any CPU
		{7AFE3DDB-5F7F-47F2-8534-4C78E7A7F03C}.Debug|Any CPU.Build.0 = Debug|Any CPU
		{7AFE3DDB-5F7F-47F2-8534-4C78E7A7F03C}.Debug|ARM64.ActiveCfg = Debug|Any CPU
		{7AFE3DDB-5F7F-47F2-8534-4C78E7A7F03C}.Debug|ARM64.Build.0 = Debug|Any CPU
		{7AFE3DDB-5F7F-47F2-8534-4C78E7A7F03C}.Debug|x64.ActiveCfg = Debug|Any CPU
		{7AFE3DDB-5F7F-47F2-8534-4C78E7A7F03C}.Debug|x64.Build.0 = Debug|Any CPU
		{7AFE3DDB-5F7F-47F2-8534-4C78E7A7F03C}.Debug|x86.ActiveCfg = Debug|Any CPU
		{7AFE3DDB-5F7F-47F2-8534-4C78E7A7F03C}.Debug|x86.Build.0 = Debug|Any CPU
		{7AFE3DDB-5F7F-47F2-8534-4C78E7A7F03C}.Release|Any CPU.ActiveCfg = Release|Any CPU
		{7AFE3DDB-5F7F-47F2-8534-4C78E7A7F03C}.Release|Any CPU.Build.0 = Release|Any CPU
		{7AFE3DDB-5F7F-47F2-8534-4C78E7A7F03C}.Release|ARM64.ActiveCfg = Release|Any CPU
		{7AFE3DDB-5F7F-47F2-8534-4C78E7A7F03C}.Release|ARM64.Build.0 = Release|Any CPU
		{7AFE3DDB-5F7F-47F2-8534-4C78E7A7F03C}.Release|x64.ActiveCfg = Release|Any CPU
		{7AFE3DDB-5F7F-47F2-8534-4C78E7A7F03C}.Release|x64.Build.0 = Release|Any CPU
		{7AFE3DDB-5F7F-47F2-8534-4C78E7A7F03C}.Release|x86.ActiveCfg = Release|Any CPU
		{7AFE3DDB-5F7F-47F2-8534-4C78E7A7F03C}.Release|x86.Build.0 = Release|Any CPU
	EndGlobalSection
	GlobalSection(SolutionProperties) = preSolution
		HideSolutionNode = FALSE
	EndGlobalSection
EndGlobal
